
Microsoft Visual Studio Solution File, Format Version 12.00
# Visual Studio Version 17
VisualStudioVersion = 17.3.32929.385
MinimumVisualStudioVersion = 10.0.40219.1
Project("{2150E333-8FDC-42A3-9474-1A3956D46DE8}") = "Web", "Web", "{7DFF3FD0-17DF-4A34-96F2-176805880906}"
EndProject
Project("{2150E333-8FDC-42A3-9474-1A3956D46DE8}") = "APIs", "APIs", "{06952663-613F-412C-9FC1-5DCDB1DD5504}"
EndProject
Project("{2150E333-8FDC-42A3-9474-1A3956D46DE8}") = "Identity", "Identity", "{0F79EFB6-925C-4947-B3C1-5FF5DD7C53B7}"
EndProject
Project("{2150E333-8FDC-42A3-9474-1A3956D46DE8}") = "Shared", "Shared", "{D9C2BBA7-B566-4A03-9832-39C43A9972A1}"
EndProject
Project("{9A19103F-16F7-4668-BE54-9A1E7A4F7556}") = "TheStore.ApiCommon", "Src\Shared\TheStore.ApiCommon\TheStore.ApiCommon.csproj", "{16A13845-CA7D-4362-9F92-F4FBBF7DC410}"
EndProject
Project("{9A19103F-16F7-4668-BE54-9A1E7A4F7556}") = "TheStore.Catalog.API", "Src\APIs\Catalog\TheStore.Catalog.API\TheStore.Catalog.API.csproj", "{5895696F-5A14-4DBB-8417-5C96E32311BE}"
EndProject
Project("{9A19103F-16F7-4668-BE54-9A1E7A4F7556}") = "TheStore.Catalog.Core", "Src\APIs\Catalog\TheStore.Catalog.Core\TheStore.Catalog.Core.csproj", "{277DCC8C-0DCA-4576-9E67-99A6867D5522}"
EndProject
Project("{9A19103F-16F7-4668-BE54-9A1E7A4F7556}") = "TheStore.Catalog.Infrastructure", "Src\APIs\Catalog\TheStore.Catalog.Infrastructure\TheStore.Catalog.Infrastructure.csproj", "{47600EDA-D5CB-48FD-BB41-388A8B13A3F5}"
EndProject
Project("{2150E333-8FDC-42A3-9474-1A3956D46DE8}") = "Catalog", "Catalog", "{84A13234-CF7C-491B-A556-E1B938A748DC}"
EndProject
Project("{9A19103F-16F7-4668-BE54-9A1E7A4F7556}") = "TheStore.SharedKernel", "Src\Shared\TheStore.SharedKernel\TheStore.SharedKernel.csproj", "{1F0EA944-27BE-4650-971D-557598FCDAEF}"
EndProject
Project("{9A19103F-16F7-4668-BE54-9A1E7A4F7556}") = "TheStore.SharedModels", "Src\Shared\TheStore.SharedModels\TheStore.SharedModels.csproj", "{BDB03CEB-52ED-43E7-8DBE-7CED6A2C68E5}"
EndProject
Project("{2150E333-8FDC-42A3-9474-1A3956D46DE8}") = "Tests", "Tests", "{2F1741F4-42FC-4946-A986-C4A4279E9D91}"
EndProject
Project("{2150E333-8FDC-42A3-9474-1A3956D46DE8}") = "Src", "Src", "{EF50387F-6517-444C-9456-D84AB11B1BA7}"
EndProject
Project("{9A19103F-16F7-4668-BE54-9A1E7A4F7556}") = "TheStore.Catalog.Domain.UnitTests", "Tests\TheStore.Catalog.Domain.UnitTests\TheStore.Catalog.Domain.UnitTests.csproj", "{0763FA90-4179-4745-9919-0731D8ABB2C3}"
EndProject
Project("{9A19103F-16F7-4668-BE54-9A1E7A4F7556}") = "TheStore.Catalog.Endpoints.UnitTests", "Tests\TheStore.Catalog.Endpoints.UnitTests\TheStore.Catalog.Endpoints.UnitTests.csproj", "{0537A38C-8F07-4ABF-9D4A-509A616A8861}"
EndProject
Project("{2150E333-8FDC-42A3-9474-1A3956D46DE8}") = "Cart", "Cart", "{9FBD291B-AD96-410A-AB57-95222C857986}"
EndProject
Project("{9A19103F-16F7-4668-BE54-9A1E7A4F7556}") = "TheStore.Cart.API", "Src\APIs\Cart\TheStore.Cart.API\TheStore.Cart.API.csproj", "{FF55B067-6D2F-4E73-A1E7-CDCEF25DD9EA}"
EndProject
Project("{9A19103F-16F7-4668-BE54-9A1E7A4F7556}") = "TheStore.Cart.Core", "Src\APIs\Cart\TheStore.Cart.Core\TheStore.Cart.Core.csproj", "{BCA909F9-B1CC-4B28-BB08-2D288DCA3619}"
EndProject
Project("{9A19103F-16F7-4668-BE54-9A1E7A4F7556}") = "TheStore.Cart.Infrastructure", "Src\APIs\Cart\TheStore.Cart.Infrastructure\TheStore.Cart.Infrastructure.csproj", "{91B19D88-6892-4A8B-9E85-DD0730B4DA9E}"
EndProject
Project("{9A19103F-16F7-4668-BE54-9A1E7A4F7556}") = "TheStore.Catalog.Endpoints.IntegrationTests", "Tests\TheStore.Catalog.Endpoints.IntegrationTests\TheStore.Catalog.Endpoints.IntegrationTests.csproj", "{68BF518C-7DF4-4974-8DF4-DD1A94DD95A6}"
EndProject
Project("{2150E333-8FDC-42A3-9474-1A3956D46DE8}") = "Blazor", "Blazor", "{0F861B9A-F1F2-4756-B61A-977A2F5C8EFD}"
EndProject
Project("{9A19103F-16F7-4668-BE54-9A1E7A4F7556}") = "TheStore.Catalog.Infrastructure.UnitTests", "Tests\TheStore.Catalog.Infrastructure.UnitTests\TheStore.Catalog.Infrastructure.UnitTests.csproj", "{16626CC3-7B0B-4847-8121-B227CF1A2AC1}"
EndProject
Project("{9A19103F-16F7-4668-BE54-9A1E7A4F7556}") = "TheStore.APICommon.UnitTests", "Tests\TheStore.APICommon.UnitTests\TheStore.APICommon.UnitTests.csproj", "{FDD48DD7-A89E-4EFE-A9E6-028BC3EAB26E}"
EndProject
Project("{9A19103F-16F7-4668-BE54-9A1E7A4F7556}") = "TheStore.Cart.Domain.UnitTests", "Tests\TheStore.Cart.Domain.UnitTests\TheStore.Cart.Domain.UnitTests.csproj", "{0CA12F58-3C15-4077-B5E9-06F8D1403ABA}"
EndProject
Project("{9A19103F-16F7-4668-BE54-9A1E7A4F7556}") = "TheStore.Cart.Endpoints.UnitTests", "Tests\TheStore.Cart.Endpoints.UnitTests\TheStore.Cart.Endpoints.UnitTests.csproj", "{A6760F12-D6A8-470A-91CB-D7BF32BB320D}"
EndProject
Project("{9A19103F-16F7-4668-BE54-9A1E7A4F7556}") = "TheStore.TestHelpers", "Tests\TestHelpers\TheStore.TestHelpers.csproj", "{2E71EE7F-CD1A-49D6-ABE1-E689B6E408AA}"
EndProject
Project("{2150E333-8FDC-42A3-9474-1A3956D46DE8}") = "Gateway", "Gateway", "{28D46106-48DD-40A6-8DC4-22F84B44308E}"
EndProject
Project("{9A19103F-16F7-4668-BE54-9A1E7A4F7556}") = "TheStore.Gateway.Web", "Src\Gateway\TheStore.Gateway.Web\TheStore.Gateway.Web.csproj", "{AF8ECEDA-BCCF-4D38-8500-161DBBADAADE}"
EndProject
Project("{9A19103F-16F7-4668-BE54-9A1E7A4F7556}") = "TheStore.Web.Requests", "Src\Web\TheStore.Web.Requests\TheStore.Web.Requests.csproj", "{C46F64CA-3F8F-4C69-B2BF-BBBA7C56837A}"
EndProject
Project("{9A19103F-16F7-4668-BE54-9A1E7A4F7556}") = "AuthServer", "Src\Identity\AuthServer\AuthServer.csproj", "{D2CCEC96-A420-4790-971E-6ABB593BCC39}"
EndProject
Project("{9A19103F-16F7-4668-BE54-9A1E7A4F7556}") = "TheStore.Events", "Src\Shared\TheStore.Events\TheStore.Events.csproj", "{82BA61FC-35CA-4C98-B6AE-05AB6DBB3E53}"
EndProject
Project("{9A19103F-16F7-4668-BE54-9A1E7A4F7556}") = "TheStore.Web.BlazorApp", "Src\Web\TheStore.Web.BlazorApp\TheStore.Web.BlazorApp.csproj", "{7B4975F4-81D2-40C5-A7CD-5ABDD887368D}"
EndProject
Project("{9A19103F-16F7-4668-BE54-9A1E7A4F7556}") = "TheStore.Web.BlazorApp.Client", "Src\Web\TheStore.Web.BlazorApp.Client\TheStore.Web.BlazorApp.Client.csproj", "{E706ADCD-0D27-4A66-BFD4-D68D905057B4}"
EndProject
Project("{FAE04EC0-301F-11D3-BF4B-00C04F79EFBC}") = "TheStore.Requests", "Src\Shared\TheStore.Requests\TheStore.Requests.csproj", "{57404764-DADC-49DE-BA90-1DCBD5213A8A}"
EndProject
Global
	GlobalSection(SolutionConfigurationPlatforms) = preSolution
		Debug|Any CPU = Debug|Any CPU
		Release|Any CPU = Release|Any CPU
	EndGlobalSection
	GlobalSection(ProjectConfigurationPlatforms) = postSolution
		{16A13845-CA7D-4362-9F92-F4FBBF7DC410}.Debug|Any CPU.ActiveCfg = Debug|Any CPU
		{16A13845-CA7D-4362-9F92-F4FBBF7DC410}.Debug|Any CPU.Build.0 = Debug|Any CPU
		{16A13845-CA7D-4362-9F92-F4FBBF7DC410}.Release|Any CPU.ActiveCfg = Release|Any CPU
		{16A13845-CA7D-4362-9F92-F4FBBF7DC410}.Release|Any CPU.Build.0 = Release|Any CPU
		{5895696F-5A14-4DBB-8417-5C96E32311BE}.Debug|Any CPU.ActiveCfg = Debug|Any CPU
		{5895696F-5A14-4DBB-8417-5C96E32311BE}.Debug|Any CPU.Build.0 = Debug|Any CPU
		{5895696F-5A14-4DBB-8417-5C96E32311BE}.Release|Any CPU.ActiveCfg = Release|Any CPU
		{5895696F-5A14-4DBB-8417-5C96E32311BE}.Release|Any CPU.Build.0 = Release|Any CPU
		{277DCC8C-0DCA-4576-9E67-99A6867D5522}.Debug|Any CPU.ActiveCfg = Debug|Any CPU
		{277DCC8C-0DCA-4576-9E67-99A6867D5522}.Debug|Any CPU.Build.0 = Debug|Any CPU
		{277DCC8C-0DCA-4576-9E67-99A6867D5522}.Release|Any CPU.ActiveCfg = Release|Any CPU
		{277DCC8C-0DCA-4576-9E67-99A6867D5522}.Release|Any CPU.Build.0 = Release|Any CPU
		{47600EDA-D5CB-48FD-BB41-388A8B13A3F5}.Debug|Any CPU.ActiveCfg = Debug|Any CPU
		{47600EDA-D5CB-48FD-BB41-388A8B13A3F5}.Debug|Any CPU.Build.0 = Debug|Any CPU
		{47600EDA-D5CB-48FD-BB41-388A8B13A3F5}.Release|Any CPU.ActiveCfg = Release|Any CPU
		{47600EDA-D5CB-48FD-BB41-388A8B13A3F5}.Release|Any CPU.Build.0 = Release|Any CPU
		{1F0EA944-27BE-4650-971D-557598FCDAEF}.Debug|Any CPU.ActiveCfg = Debug|Any CPU
		{1F0EA944-27BE-4650-971D-557598FCDAEF}.Debug|Any CPU.Build.0 = Debug|Any CPU
		{1F0EA944-27BE-4650-971D-557598FCDAEF}.Release|Any CPU.ActiveCfg = Release|Any CPU
		{1F0EA944-27BE-4650-971D-557598FCDAEF}.Release|Any CPU.Build.0 = Release|Any CPU
		{BDB03CEB-52ED-43E7-8DBE-7CED6A2C68E5}.Debug|Any CPU.ActiveCfg = Debug|Any CPU
		{BDB03CEB-52ED-43E7-8DBE-7CED6A2C68E5}.Debug|Any CPU.Build.0 = Debug|Any CPU
		{BDB03CEB-52ED-43E7-8DBE-7CED6A2C68E5}.Release|Any CPU.ActiveCfg = Release|Any CPU
		{BDB03CEB-52ED-43E7-8DBE-7CED6A2C68E5}.Release|Any CPU.Build.0 = Release|Any CPU
		{0763FA90-4179-4745-9919-0731D8ABB2C3}.Debug|Any CPU.ActiveCfg = Debug|Any CPU
		{0763FA90-4179-4745-9919-0731D8ABB2C3}.Debug|Any CPU.Build.0 = Debug|Any CPU
		{0763FA90-4179-4745-9919-0731D8ABB2C3}.Release|Any CPU.ActiveCfg = Release|Any CPU
		{0763FA90-4179-4745-9919-0731D8ABB2C3}.Release|Any CPU.Build.0 = Release|Any CPU
		{0537A38C-8F07-4ABF-9D4A-509A616A8861}.Debug|Any CPU.ActiveCfg = Debug|Any CPU
		{0537A38C-8F07-4ABF-9D4A-509A616A8861}.Debug|Any CPU.Build.0 = Debug|Any CPU
		{0537A38C-8F07-4ABF-9D4A-509A616A8861}.Release|Any CPU.ActiveCfg = Release|Any CPU
		{0537A38C-8F07-4ABF-9D4A-509A616A8861}.Release|Any CPU.Build.0 = Release|Any CPU
		{FF55B067-6D2F-4E73-A1E7-CDCEF25DD9EA}.Debug|Any CPU.ActiveCfg = Debug|Any CPU
		{FF55B067-6D2F-4E73-A1E7-CDCEF25DD9EA}.Debug|Any CPU.Build.0 = Debug|Any CPU
		{FF55B067-6D2F-4E73-A1E7-CDCEF25DD9EA}.Release|Any CPU.ActiveCfg = Release|Any CPU
		{FF55B067-6D2F-4E73-A1E7-CDCEF25DD9EA}.Release|Any CPU.Build.0 = Release|Any CPU
		{BCA909F9-B1CC-4B28-BB08-2D288DCA3619}.Debug|Any CPU.ActiveCfg = Debug|Any CPU
		{BCA909F9-B1CC-4B28-BB08-2D288DCA3619}.Debug|Any CPU.Build.0 = Debug|Any CPU
		{BCA909F9-B1CC-4B28-BB08-2D288DCA3619}.Release|Any CPU.ActiveCfg = Release|Any CPU
		{BCA909F9-B1CC-4B28-BB08-2D288DCA3619}.Release|Any CPU.Build.0 = Release|Any CPU
		{91B19D88-6892-4A8B-9E85-DD0730B4DA9E}.Debug|Any CPU.ActiveCfg = Debug|Any CPU
		{91B19D88-6892-4A8B-9E85-DD0730B4DA9E}.Debug|Any CPU.Build.0 = Debug|Any CPU
		{91B19D88-6892-4A8B-9E85-DD0730B4DA9E}.Release|Any CPU.ActiveCfg = Release|Any CPU
		{91B19D88-6892-4A8B-9E85-DD0730B4DA9E}.Release|Any CPU.Build.0 = Release|Any CPU
		{68BF518C-7DF4-4974-8DF4-DD1A94DD95A6}.Debug|Any CPU.ActiveCfg = Debug|Any CPU
		{68BF518C-7DF4-4974-8DF4-DD1A94DD95A6}.Debug|Any CPU.Build.0 = Debug|Any CPU
		{68BF518C-7DF4-4974-8DF4-DD1A94DD95A6}.Release|Any CPU.ActiveCfg = Release|Any CPU
		{68BF518C-7DF4-4974-8DF4-DD1A94DD95A6}.Release|Any CPU.Build.0 = Release|Any CPU
		{16626CC3-7B0B-4847-8121-B227CF1A2AC1}.Debug|Any CPU.ActiveCfg = Debug|Any CPU
		{16626CC3-7B0B-4847-8121-B227CF1A2AC1}.Debug|Any CPU.Build.0 = Debug|Any CPU
		{16626CC3-7B0B-4847-8121-B227CF1A2AC1}.Release|Any CPU.ActiveCfg = Release|Any CPU
		{16626CC3-7B0B-4847-8121-B227CF1A2AC1}.Release|Any CPU.Build.0 = Release|Any CPU
		{FDD48DD7-A89E-4EFE-A9E6-028BC3EAB26E}.Debug|Any CPU.ActiveCfg = Debug|Any CPU
		{FDD48DD7-A89E-4EFE-A9E6-028BC3EAB26E}.Debug|Any CPU.Build.0 = Debug|Any CPU
		{FDD48DD7-A89E-4EFE-A9E6-028BC3EAB26E}.Release|Any CPU.ActiveCfg = Release|Any CPU
		{FDD48DD7-A89E-4EFE-A9E6-028BC3EAB26E}.Release|Any CPU.Build.0 = Release|Any CPU
		{0CA12F58-3C15-4077-B5E9-06F8D1403ABA}.Debug|Any CPU.ActiveCfg = Debug|Any CPU
		{0CA12F58-3C15-4077-B5E9-06F8D1403ABA}.Debug|Any CPU.Build.0 = Debug|Any CPU
		{0CA12F58-3C15-4077-B5E9-06F8D1403ABA}.Release|Any CPU.ActiveCfg = Release|Any CPU
		{0CA12F58-3C15-4077-B5E9-06F8D1403ABA}.Release|Any CPU.Build.0 = Release|Any CPU
		{A6760F12-D6A8-470A-91CB-D7BF32BB320D}.Debug|Any CPU.ActiveCfg = Debug|Any CPU
		{A6760F12-D6A8-470A-91CB-D7BF32BB320D}.Debug|Any CPU.Build.0 = Debug|Any CPU
		{A6760F12-D6A8-470A-91CB-D7BF32BB320D}.Release|Any CPU.ActiveCfg = Release|Any CPU
		{A6760F12-D6A8-470A-91CB-D7BF32BB320D}.Release|Any CPU.Build.0 = Release|Any CPU
		{2E71EE7F-CD1A-49D6-ABE1-E689B6E408AA}.Debug|Any CPU.ActiveCfg = Debug|Any CPU
		{2E71EE7F-CD1A-49D6-ABE1-E689B6E408AA}.Debug|Any CPU.Build.0 = Debug|Any CPU
		{2E71EE7F-CD1A-49D6-ABE1-E689B6E408AA}.Release|Any CPU.ActiveCfg = Release|Any CPU
		{2E71EE7F-CD1A-49D6-ABE1-E689B6E408AA}.Release|Any CPU.Build.0 = Release|Any CPU
		{AF8ECEDA-BCCF-4D38-8500-161DBBADAADE}.Debug|Any CPU.ActiveCfg = Debug|Any CPU
		{AF8ECEDA-BCCF-4D38-8500-161DBBADAADE}.Debug|Any CPU.Build.0 = Debug|Any CPU
		{AF8ECEDA-BCCF-4D38-8500-161DBBADAADE}.Release|Any CPU.ActiveCfg = Release|Any CPU
		{AF8ECEDA-BCCF-4D38-8500-161DBBADAADE}.Release|Any CPU.Build.0 = Release|Any CPU
		{C46F64CA-3F8F-4C69-B2BF-BBBA7C56837A}.Debug|Any CPU.ActiveCfg = Debug|Any CPU
		{C46F64CA-3F8F-4C69-B2BF-BBBA7C56837A}.Debug|Any CPU.Build.0 = Debug|Any CPU
		{C46F64CA-3F8F-4C69-B2BF-BBBA7C56837A}.Release|Any CPU.ActiveCfg = Release|Any CPU
		{C46F64CA-3F8F-4C69-B2BF-BBBA7C56837A}.Release|Any CPU.Build.0 = Release|Any CPU
		{D2CCEC96-A420-4790-971E-6ABB593BCC39}.Debug|Any CPU.ActiveCfg = Debug|Any CPU
		{D2CCEC96-A420-4790-971E-6ABB593BCC39}.Debug|Any CPU.Build.0 = Debug|Any CPU
		{D2CCEC96-A420-4790-971E-6ABB593BCC39}.Release|Any CPU.ActiveCfg = Release|Any CPU
		{D2CCEC96-A420-4790-971E-6ABB593BCC39}.Release|Any CPU.Build.0 = Release|Any CPU
		{82BA61FC-35CA-4C98-B6AE-05AB6DBB3E53}.Debug|Any CPU.ActiveCfg = Debug|Any CPU
		{82BA61FC-35CA-4C98-B6AE-05AB6DBB3E53}.Debug|Any CPU.Build.0 = Debug|Any CPU
		{82BA61FC-35CA-4C98-B6AE-05AB6DBB3E53}.Release|Any CPU.ActiveCfg = Release|Any CPU
		{82BA61FC-35CA-4C98-B6AE-05AB6DBB3E53}.Release|Any CPU.Build.0 = Release|Any CPU
		{7B4975F4-81D2-40C5-A7CD-5ABDD887368D}.Debug|Any CPU.ActiveCfg = Debug|Any CPU
		{7B4975F4-81D2-40C5-A7CD-5ABDD887368D}.Debug|Any CPU.Build.0 = Debug|Any CPU
		{7B4975F4-81D2-40C5-A7CD-5ABDD887368D}.Release|Any CPU.ActiveCfg = Release|Any CPU
		{7B4975F4-81D2-40C5-A7CD-5ABDD887368D}.Release|Any CPU.Build.0 = Release|Any CPU
		{E706ADCD-0D27-4A66-BFD4-D68D905057B4}.Debug|Any CPU.ActiveCfg = Debug|Any CPU
		{E706ADCD-0D27-4A66-BFD4-D68D905057B4}.Debug|Any CPU.Build.0 = Debug|Any CPU
		{E706ADCD-0D27-4A66-BFD4-D68D905057B4}.Release|Any CPU.ActiveCfg = Release|Any CPU
		{E706ADCD-0D27-4A66-BFD4-D68D905057B4}.Release|Any CPU.Build.0 = Release|Any CPU
		{57404764-DADC-49DE-BA90-1DCBD5213A8A}.Debug|Any CPU.ActiveCfg = Debug|Any CPU
		{57404764-DADC-49DE-BA90-1DCBD5213A8A}.Debug|Any CPU.Build.0 = Debug|Any CPU
		{57404764-DADC-49DE-BA90-1DCBD5213A8A}.Release|Any CPU.ActiveCfg = Release|Any CPU
		{57404764-DADC-49DE-BA90-1DCBD5213A8A}.Release|Any CPU.Build.0 = Release|Any CPU
	EndGlobalSection
	GlobalSection(SolutionProperties) = preSolution
		HideSolutionNode = FALSE
	EndGlobalSection
	GlobalSection(NestedProjects) = preSolution
		{7DFF3FD0-17DF-4A34-96F2-176805880906} = {EF50387F-6517-444C-9456-D84AB11B1BA7}
		{06952663-613F-412C-9FC1-5DCDB1DD5504} = {EF50387F-6517-444C-9456-D84AB11B1BA7}
		{0F79EFB6-925C-4947-B3C1-5FF5DD7C53B7} = {EF50387F-6517-444C-9456-D84AB11B1BA7}
		{D9C2BBA7-B566-4A03-9832-39C43A9972A1} = {EF50387F-6517-444C-9456-D84AB11B1BA7}
		{16A13845-CA7D-4362-9F92-F4FBBF7DC410} = {D9C2BBA7-B566-4A03-9832-39C43A9972A1}
		{5895696F-5A14-4DBB-8417-5C96E32311BE} = {84A13234-CF7C-491B-A556-E1B938A748DC}
		{277DCC8C-0DCA-4576-9E67-99A6867D5522} = {84A13234-CF7C-491B-A556-E1B938A748DC}
		{47600EDA-D5CB-48FD-BB41-388A8B13A3F5} = {84A13234-CF7C-491B-A556-E1B938A748DC}
		{84A13234-CF7C-491B-A556-E1B938A748DC} = {06952663-613F-412C-9FC1-5DCDB1DD5504}
		{1F0EA944-27BE-4650-971D-557598FCDAEF} = {D9C2BBA7-B566-4A03-9832-39C43A9972A1}
		{BDB03CEB-52ED-43E7-8DBE-7CED6A2C68E5} = {D9C2BBA7-B566-4A03-9832-39C43A9972A1}
		{0763FA90-4179-4745-9919-0731D8ABB2C3} = {2F1741F4-42FC-4946-A986-C4A4279E9D91}
		{0537A38C-8F07-4ABF-9D4A-509A616A8861} = {2F1741F4-42FC-4946-A986-C4A4279E9D91}
		{9FBD291B-AD96-410A-AB57-95222C857986} = {06952663-613F-412C-9FC1-5DCDB1DD5504}
		{FF55B067-6D2F-4E73-A1E7-CDCEF25DD9EA} = {9FBD291B-AD96-410A-AB57-95222C857986}
		{BCA909F9-B1CC-4B28-BB08-2D288DCA3619} = {9FBD291B-AD96-410A-AB57-95222C857986}
		{91B19D88-6892-4A8B-9E85-DD0730B4DA9E} = {9FBD291B-AD96-410A-AB57-95222C857986}
		{68BF518C-7DF4-4974-8DF4-DD1A94DD95A6} = {2F1741F4-42FC-4946-A986-C4A4279E9D91}
		{0F861B9A-F1F2-4756-B61A-977A2F5C8EFD} = {7DFF3FD0-17DF-4A34-96F2-176805880906}
		{16626CC3-7B0B-4847-8121-B227CF1A2AC1} = {2F1741F4-42FC-4946-A986-C4A4279E9D91}
		{FDD48DD7-A89E-4EFE-A9E6-028BC3EAB26E} = {2F1741F4-42FC-4946-A986-C4A4279E9D91}
		{0CA12F58-3C15-4077-B5E9-06F8D1403ABA} = {2F1741F4-42FC-4946-A986-C4A4279E9D91}
		{A6760F12-D6A8-470A-91CB-D7BF32BB320D} = {2F1741F4-42FC-4946-A986-C4A4279E9D91}
		{2E71EE7F-CD1A-49D6-ABE1-E689B6E408AA} = {2F1741F4-42FC-4946-A986-C4A4279E9D91}
		{28D46106-48DD-40A6-8DC4-22F84B44308E} = {EF50387F-6517-444C-9456-D84AB11B1BA7}
		{AF8ECEDA-BCCF-4D38-8500-161DBBADAADE} = {28D46106-48DD-40A6-8DC4-22F84B44308E}
		{C46F64CA-3F8F-4C69-B2BF-BBBA7C56837A} = {0F861B9A-F1F2-4756-B61A-977A2F5C8EFD}
		{D2CCEC96-A420-4790-971E-6ABB593BCC39} = {0F79EFB6-925C-4947-B3C1-5FF5DD7C53B7}
		{82BA61FC-35CA-4C98-B6AE-05AB6DBB3E53} = {D9C2BBA7-B566-4A03-9832-39C43A9972A1}
		{7B4975F4-81D2-40C5-A7CD-5ABDD887368D} = {0F861B9A-F1F2-4756-B61A-977A2F5C8EFD}
		{E706ADCD-0D27-4A66-BFD4-D68D905057B4} = {0F861B9A-F1F2-4756-B61A-977A2F5C8EFD}
		{57404764-DADC-49DE-BA90-1DCBD5213A8A} = {D9C2BBA7-B566-4A03-9832-39C43A9972A1}
	EndGlobalSection
	GlobalSection(ExtensibilityGlobals) = postSolution
		SolutionGuid = {B7A7C7C9-F2EC-4506-971E-2184B411D9F6}
	EndGlobalSection
EndGlobal
